[[package]]
name = "logica"
version = "1.3.141"
description = "Logica language."
category = "main"
optional = false
python-versions = ">=3.0"

[metadata]
lock-version = "1.1"
python-versions = "^3.10"
content-hash = "acef70fc50b67a7b8af960eb6a5c13a894394d8afc2f3fec7034ba49aded3026"

[metadata.files]
logica = [
    {file = "logica-1.3.141-py3-none-any.whl", hash = "sha256:6c95b529c9d361f9a1f9ada27d2013b07fb25ca1416e62e7ef571680ccd88efa"},
    {file = "logica-1.3.141.tar.gz", hash = "sha256:25100cd88e7cd9b236d9f69f5d2de483912cda334617455cd41a4e1322c880f2"},
]
